
Microsoft Visual Studio Solution File, Format Version 12.00
# Visual Studio Version 16
VisualStudioVersion = 16.0.30330.147
MinimumVisualStudioVersion = 10.0.40219.1
Project("{9A19103F-16F7-4668-BE54-9A1E7A4F7556}") = "MenuBuilder", "MenuBuilder\MenuBuilder.csproj", "{C4E4B646-C0C1-41A8-BB1B-45000E9A13FF}"
EndProject
Project("{FAE04EC0-301F-11D3-BF4B-00C04F79EFBC}") = "MenuBuilder-Example", "MenuBuilder-Example\MenuBuilder-Example.csproj", "{FCB6C274-40C4-4186-8E3F-DE8EFC4A7610}"
EndProject
Global
	GlobalSection(SolutionConfigurationPlatforms) = preSolution
		Debug|Any CPU = Debug|Any CPU
		Release|Any CPU = Release|Any CPU
	EndGlobalSection
	GlobalSection(ProjectConfigurationPlatforms) = postSolution
		{C4E4B646-C0C1-41A8-BB1B-45000E9A13FF}.Debug|Any CPU.ActiveCfg = Debug|Any CPU
		{C4E4B646-C0C1-41A8-BB1B-45000E9A13FF}.Debug|Any CPU.Build.0 = Debug|Any CPU
		{C4E4B646-C0C1-41A8-BB1B-45000E9A13FF}.Release|Any CPU.ActiveCfg = Release|Any CPU
		{C4E4B646-C0C1-41A8-BB1B-45000E9A13FF}.Release|Any CPU.Build.0 = Release|Any CPU
		{FCB6C274-40C4-4186-8E3F-DE8EFC4A7610}.Debug|Any CPU.ActiveCfg = Debug|Any CPU
		{FCB6C274-40C4-4186-8E3F-DE8EFC4A7610}.Debug|Any CPU.Build.0 = Debug|Any CPU
		{FCB6C274-40C4-4186-8E3F-DE8EFC4A7610}.Release|Any CPU.ActiveCfg = Release|Any CPU
		{FCB6C274-40C4-4186-8E3F-DE8EFC4A7610}.Release|Any CPU.Build.0 = Release|Any CPU
	EndGlobalSection
	GlobalSection(SolutionProperties) = preSolution
		HideSolutionNode = FALSE
	EndGlobalSection
	GlobalSection(ExtensibilityGlobals) = postSolution
		SolutionGuid = {73F9C009-C216-49BC-BEC8-8D7E4DBC1A0B}
	EndGlobalSection
EndGlobal
